
Microsoft Visual Studio Solution File, Format Version 12.00
# Visual Studio Version 16
VisualStudioVersion = 16.0.28922.388
MinimumVisualStudioVersion = 10.0.40219.1
Project("{FAE04EC0-301F-11D3-BF4B-00C04F79EFBC}") = "FinalAssignment", "FinalAssignment.csproj", "{D52C86E3-6CAB-4746-80A1-50817EB0672F}"
EndProject
Global
	GlobalSection(SolutionConfigurationPlatforms) = preSolution
		Debug|Any CPU = Debug|Any CPU
		Release|Any CPU = Release|Any CPU
	EndGlobalSection
	GlobalSection(ProjectConfigurationPlatforms) = postSolution
		{D52C86E3-6CAB-4746-80A1-50817EB0672F}.Debug|Any CPU.ActiveCfg = Debug|Any CPU
		{D52C86E3-6CAB-4746-80A1-50817EB0672F}.Debug|Any CPU.Build.0 = Debug|Any CPU
		{D52C86E3-6CAB-4746-80A1-50817EB0672F}.Release|Any CPU.ActiveCfg = Release|Any CPU
		{D52C86E3-6CAB-4746-80A1-50817EB0672F}.Release|Any CPU.Build.0 = Release|Any CPU
	EndGlobalSection
	GlobalSection(SolutionProperties) = preSolution
		HideSolutionNode = FALSE
	EndGlobalSection
	GlobalSection(ExtensibilityGlobals) = postSolution
		SolutionGuid = {40722572-FE58-476B-9708-2895AEB50A6A}
	EndGlobalSection
EndGlobal
