
Microsoft Visual Studio Solution File, Format Version 12.00
# Visual Studio 15
VisualStudioVersion = 15.0.26124.0
MinimumVisualStudioVersion = 15.0.26124.0
Project("{FAE04EC0-301F-11D3-BF4B-00C04F79EFBC}") = "ServiceProject", "ServiceProject\ServiceProject.csproj", "{CE56CD01-8C09-477F-8F5D-B30C1DAE9C8B}"
EndProject
Project("{FAE04EC0-301F-11D3-BF4B-00C04F79EFBC}") = "NunitTest", "NunitTest\NunitTest.csproj", "{7B528209-B229-4585-8807-BDFB16711F74}"
EndProject
Global
	GlobalSection(SolutionConfigurationPlatforms) = preSolution
		Debug|Any CPU = Debug|Any CPU
		Debug|x64 = Debug|x64
		Debug|x86 = Debug|x86
		Release|Any CPU = Release|Any CPU
		Release|x64 = Release|x64
		Release|x86 = Release|x86
	EndGlobalSection
	GlobalSection(SolutionProperties) = preSolution
		HideSolutionNode = FALSE
	EndGlobalSection
	GlobalSection(ProjectConfigurationPlatforms) = postSolution
		{CE56CD01-8C09-477F-8F5D-B30C1DAE9C8B}.Debug|Any CPU.ActiveCfg = Debug|Any CPU
		{CE56CD01-8C09-477F-8F5D-B30C1DAE9C8B}.Debug|Any CPU.Build.0 = Debug|Any CPU
		{CE56CD01-8C09-477F-8F5D-B30C1DAE9C8B}.Debug|x64.ActiveCfg = Debug|Any CPU
		{CE56CD01-8C09-477F-8F5D-B30C1DAE9C8B}.Debug|x64.Build.0 = Debug|Any CPU
		{CE56CD01-8C09-477F-8F5D-B30C1DAE9C8B}.Debug|x86.ActiveCfg = Debug|Any CPU
		{CE56CD01-8C09-477F-8F5D-B30C1DAE9C8B}.Debug|x86.Build.0 = Debug|Any CPU
		{CE56CD01-8C09-477F-8F5D-B30C1DAE9C8B}.Release|Any CPU.ActiveCfg = Release|Any CPU
		{CE56CD01-8C09-477F-8F5D-B30C1DAE9C8B}.Release|Any CPU.Build.0 = Release|Any CPU
		{CE56CD01-8C09-477F-8F5D-B30C1DAE9C8B}.Release|x64.ActiveCfg = Release|Any CPU
		{CE56CD01-8C09-477F-8F5D-B30C1DAE9C8B}.Release|x64.Build.0 = Release|Any CPU
		{CE56CD01-8C09-477F-8F5D-B30C1DAE9C8B}.Release|x86.ActiveCfg = Release|Any CPU
		{CE56CD01-8C09-477F-8F5D-B30C1DAE9C8B}.Release|x86.Build.0 = Release|Any CPU
		{7B528209-B229-4585-8807-BDFB16711F74}.Debug|Any CPU.ActiveCfg = Debug|Any CPU
		{7B528209-B229-4585-8807-BDFB16711F74}.Debug|Any CPU.Build.0 = Debug|Any CPU
		{7B528209-B229-4585-8807-BDFB16711F74}.Debug|x64.ActiveCfg = Debug|Any CPU
		{7B528209-B229-4585-8807-BDFB16711F74}.Debug|x64.Build.0 = Debug|Any CPU
		{7B528209-B229-4585-8807-BDFB16711F74}.Debug|x86.ActiveCfg = Debug|Any CPU
		{7B528209-B229-4585-8807-BDFB16711F74}.Debug|x86.Build.0 = Debug|Any CPU
		{7B528209-B229-4585-8807-BDFB16711F74}.Release|Any CPU.ActiveCfg = Release|Any CPU
		{7B528209-B229-4585-8807-BDFB16711F74}.Release|Any CPU.Build.0 = Release|Any CPU
		{7B528209-B229-4585-8807-BDFB16711F74}.Release|x64.ActiveCfg = Release|Any CPU
		{7B528209-B229-4585-8807-BDFB16711F74}.Release|x64.Build.0 = Release|Any CPU
		{7B528209-B229-4585-8807-BDFB16711F74}.Release|x86.ActiveCfg = Release|Any CPU
		{7B528209-B229-4585-8807-BDFB16711F74}.Release|x86.Build.0 = Release|Any CPU
	EndGlobalSection
EndGlobal
